
Microsoft Visual Studio Solution File, Format Version 12.00
# Visual Studio Version 16
VisualStudioVersion = 16.0.32228.343
MinimumVisualStudioVersion = 10.0.40219.1
Project("{9A19103F-16F7-4668-BE54-9A1E7A4F7556}") = "Facturas.Api", "Facturas.Api.csproj", "{DA1F340E-1AB2-43E2-9605-4C82EEF21682}"
EndProject
Project("{9A19103F-16F7-4668-BE54-9A1E7A4F7556}") = "Facturas.Core", "..\Facturas.Core\Facturas.Core.csproj", "{B63C9AD2-DE69-4B2C-BCB4-94305E67BCC3}"
EndProject
Project("{9A19103F-16F7-4668-BE54-9A1E7A4F7556}") = "Facturas.Infraestructura", "..\Facturas.Infraestructura\Facturas.Infraestructura.csproj", "{E60C1114-E4B3-4388-ADCF-579D80A20411}"
EndProject
Project("{9A19103F-16F7-4668-BE54-9A1E7A4F7556}") = "Facturas.Aplicacion", "..\Facturas.Persistencias\Facturas.Aplicacion.csproj", "{933495A9-E76E-4625-B2DF-1FBC7BEB6C9E}"
EndProject
Project("{2150E333-8FDC-42A3-9474-1A3956D46DE8}") = "Servicios", "Servicios", "{906D736A-E26D-4260-B93B-4166F839E475}"
EndProject
Project("{2150E333-8FDC-42A3-9474-1A3956D46DE8}") = "Facturas", "Facturas", "{53905B3F-214C-4B34-9601-90C7B5A05A74}"
EndProject
Global
	GlobalSection(SolutionConfigurationPlatforms) = preSolution
		Debug|Any CPU = Debug|Any CPU
		Release|Any CPU = Release|Any CPU
	EndGlobalSection
	GlobalSection(ProjectConfigurationPlatforms) = postSolution
		{DA1F340E-1AB2-43E2-9605-4C82EEF21682}.Debug|Any CPU.ActiveCfg = Debug|Any CPU
		{DA1F340E-1AB2-43E2-9605-4C82EEF21682}.Debug|Any CPU.Build.0 = Debug|Any CPU
		{DA1F340E-1AB2-43E2-9605-4C82EEF21682}.Release|Any CPU.ActiveCfg = Release|Any CPU
		{DA1F340E-1AB2-43E2-9605-4C82EEF21682}.Release|Any CPU.Build.0 = Release|Any CPU
		{B63C9AD2-DE69-4B2C-BCB4-94305E67BCC3}.Debug|Any CPU.ActiveCfg = Debug|Any CPU
		{B63C9AD2-DE69-4B2C-BCB4-94305E67BCC3}.Debug|Any CPU.Build.0 = Debug|Any CPU
		{B63C9AD2-DE69-4B2C-BCB4-94305E67BCC3}.Release|Any CPU.ActiveCfg = Release|Any CPU
		{B63C9AD2-DE69-4B2C-BCB4-94305E67BCC3}.Release|Any CPU.Build.0 = Release|Any CPU
		{E60C1114-E4B3-4388-ADCF-579D80A20411}.Debug|Any CPU.ActiveCfg = Debug|Any CPU
		{E60C1114-E4B3-4388-ADCF-579D80A20411}.Debug|Any CPU.Build.0 = Debug|Any CPU
		{E60C1114-E4B3-4388-ADCF-579D80A20411}.Release|Any CPU.ActiveCfg = Release|Any CPU
		{E60C1114-E4B3-4388-ADCF-579D80A20411}.Release|Any CPU.Build.0 = Release|Any CPU
		{933495A9-E76E-4625-B2DF-1FBC7BEB6C9E}.Debug|Any CPU.ActiveCfg = Debug|Any CPU
		{933495A9-E76E-4625-B2DF-1FBC7BEB6C9E}.Debug|Any CPU.Build.0 = Debug|Any CPU
		{933495A9-E76E-4625-B2DF-1FBC7BEB6C9E}.Release|Any CPU.ActiveCfg = Release|Any CPU
		{933495A9-E76E-4625-B2DF-1FBC7BEB6C9E}.Release|Any CPU.Build.0 = Release|Any CPU
	EndGlobalSection
	GlobalSection(SolutionProperties) = preSolution
		HideSolutionNode = FALSE
	EndGlobalSection
	GlobalSection(NestedProjects) = preSolution
		{DA1F340E-1AB2-43E2-9605-4C82EEF21682} = {53905B3F-214C-4B34-9601-90C7B5A05A74}
		{B63C9AD2-DE69-4B2C-BCB4-94305E67BCC3} = {53905B3F-214C-4B34-9601-90C7B5A05A74}
		{E60C1114-E4B3-4388-ADCF-579D80A20411} = {53905B3F-214C-4B34-9601-90C7B5A05A74}
		{933495A9-E76E-4625-B2DF-1FBC7BEB6C9E} = {53905B3F-214C-4B34-9601-90C7B5A05A74}
		{53905B3F-214C-4B34-9601-90C7B5A05A74} = {906D736A-E26D-4260-B93B-4166F839E475}
	EndGlobalSection
	GlobalSection(ExtensibilityGlobals) = postSolution
		SolutionGuid = {633116A7-F127-444A-8D6A-8FBCC23BA723}
	EndGlobalSection
EndGlobal
